<?xml version="1.0" encoding="utf-8"?>
<Project ToolsVersion="4.0" xmlns="http://schemas.microsoft.com/developer/msbuild/2003">
  <ItemGroup>
    <Filter Include="Source Files">
      <UniqueIdentifier>{4FC737F1-C7A5-4376-A066-2A32D752A2FF}</UniqueIdentifier>
      <Extensions>cpp;c;cc;cxx;def;odl;idl;hpj;bat;asm;asmx</Extensions>
    </Filter>
    <Filter Include="Header Files">
      <UniqueIdentifier>{93995380-89BD-4b04-88EB-625FBE52EBFB}</UniqueIdentifier>
      <Extensions>h;hh;hpp;hxx;hm;inl;inc;xsd</Extensions>
    </Filter>
    <Filter Include="Resource Files">
      <UniqueIdentifier>{67DA6AB6-F800-4c08-8B7A-83BB121AAD01}</UniqueIdentifier>
      <Extensions>rc;ico;cur;bmp;dlg;rc2;rct;bin;rgs;gif;jpg;jpeg;jpe;resx;tiff;tif;png;wav</Extensions>
    </Filter>
    <Filter Include="Source Files\assets">
      <UniqueIdentifier>{f7e38108-0f97-4ac5-a8c0-a7f8bb371186}</UniqueIdentifier>
    </Filter>
    <Filter Include="Header Files\assets">
      <UniqueIdentifier>{5c65ee32-a4af-41e2-807f-d3e7a793c118}</UniqueIdentifier>
    </Filter>
    <Filter Include="Header Files\audio">
      <UniqueIdentifier>{d2882495-142a-4dd4-89be-71ee827a6e85}</UniqueIdentifier>
    </Filter>
    <Filter Include="Source Files\audio">
      <UniqueIdentifier>{edfed83f-f7f0-4a6c-8575-0040353ffcfd}</UniqueIdentifier>
    </Filter>
    <Filter Include="Source Files\coders">
      <UniqueIdentifier>{c4a23f63-9d08-4e0a-8ef9-a4568782930f}</UniqueIdentifier>
    </Filter>
    <Filter Include="Header Files\coders">
      <UniqueIdentifier>{3c6f82bb-ee0e-47ef-9436-9b0a094dba84}</UniqueIdentifier>
    </Filter>
    <Filter Include="Header Files\files">
      <UniqueIdentifier>{2a8c63c3-a2da-4b2a-9c09-d07b7536bb06}</UniqueIdentifier>
    </Filter>
    <Filter Include="Source Files\files">
      <UniqueIdentifier>{ede63871-ca4c-4d5b-8d32-e720ae79f568}</UniqueIdentifier>
    </Filter>
    <Filter Include="Source Files\frontend">
      <UniqueIdentifier>{d160880a-3e16-4180-b0c0-a1c8c5f35270}</UniqueIdentifier>
    </Filter>
    <Filter Include="Header Files\frontend">
      <UniqueIdentifier>{c8a44883-0605-4d50-b480-9f8561666a66}</UniqueIdentifier>
    </Filter>
    <Filter Include="Header Files\graphics">
      <UniqueIdentifier>{d76176a9-89e0-4668-bf45-1f76827e091d}</UniqueIdentifier>
    </Filter>
    <Filter Include="Source Files\graphics">
      <UniqueIdentifier>{df288607-f6f2-41cd-8311-84f1e2811d0f}</UniqueIdentifier>
    </Filter>
    <Filter Include="Source Files\lighting">
      <UniqueIdentifier>{d75b7898-3d70-4c9a-9a41-962a23e19bcb}</UniqueIdentifier>
    </Filter>
    <Filter Include="Header Files\lighting">
      <UniqueIdentifier>{a08339bb-c9d9-40c2-b9f3-d3b37cd17f38}</UniqueIdentifier>
    </Filter>
    <Filter Include="Header Files\maths">
      <UniqueIdentifier>{043d6363-ca81-48f2-92bf-a5d615fd18ab}</UniqueIdentifier>
    </Filter>
    <Filter Include="Source Files\objects">
      <UniqueIdentifier>{bc244fdf-ddb7-4173-b8d5-c5afb99fd09e}</UniqueIdentifier>
    </Filter>
    <Filter Include="Header Files\objects">
      <UniqueIdentifier>{160af30f-5d27-4cac-9024-5f42ce709123}</UniqueIdentifier>
    </Filter>
    <Filter Include="Header Files\physics">
      <UniqueIdentifier>{e5f98f00-52df-48b5-bc4f-d48c5bb9b1b9}</UniqueIdentifier>
    </Filter>
    <Filter Include="Source Files\physics">
      <UniqueIdentifier>{caf94816-aa0c-40da-a4dc-5c06a910d666}</UniqueIdentifier>
    </Filter>
    <Filter Include="Source Files\util">
      <UniqueIdentifier>{cd3e50a7-3d56-41b7-bb78-1d8840138b2d}</UniqueIdentifier>
    </Filter>
    <Filter Include="Header Files\util">
      <UniqueIdentifier>{14945147-a003-479a-8069-bfe7fea0b8c7}</UniqueIdentifier>
    </Filter>
    <Filter Include="Header Files\voxels">
      <UniqueIdentifier>{bdade35f-2806-4d8c-9ca0-8ada375ca8d0}</UniqueIdentifier>
    </Filter>
    <Filter Include="Source Files\voxels">
      <UniqueIdentifier>{4b20fef2-3b02-4849-b851-b7f8c8acd631}</UniqueIdentifier>
    </Filter>
    <Filter Include="Source Files\window">
      <UniqueIdentifier>{ce0643b0-9334-4bfb-8250-f32ee7b95ea5}</UniqueIdentifier>
    </Filter>
    <Filter Include="Header Files\window">
      <UniqueIdentifier>{041d9d3f-bf68-4d18-b16c-e6d13e9848bc}</UniqueIdentifier>
    </Filter>
    <Filter Include="Header Files\world">
      <UniqueIdentifier>{e5bb7650-d907-4906-96ec-efd00cf2ccd1}</UniqueIdentifier>
    </Filter>
    <Filter Include="Source Files\world">
      <UniqueIdentifier>{1a7375b7-8481-4366-a9f5-d0391ddc966a}</UniqueIdentifier>
    </Filter>
    <Filter Include="Source Files\frontend\gui">
      <UniqueIdentifier>{02c65f69-e5e6-4350-9991-f0e6f5da8f40}</UniqueIdentifier>
    </Filter>
    <Filter Include="Header Files\frontend\gui">
      <UniqueIdentifier>{077c3cc3-fe8a-4cc4-a835-fa7d2cb90f22}</UniqueIdentifier>
    </Filter>
  </ItemGroup>
  <ItemGroup>
    <ClCompile Include="src\definitions.cpp">
      <Filter>Source Files</Filter>
    </ClCompile>
    <ClCompile Include="src\engine.cpp">
      <Filter>Source Files</Filter>
    </ClCompile>
    <ClCompile Include="src\voxel_engine.cpp">
      <Filter>Source Files</Filter>
    </ClCompile>
    <ClCompile Include="src\assets\AssetsLoader.cpp">
      <Filter>Source Files\assets</Filter>
    </ClCompile>
    <ClCompile Include="src\assets\Assets.cpp">
      <Filter>Source Files\assets</Filter>
    </ClCompile>
    <ClCompile Include="src\audio\Audio.cpp">
      <Filter>Source Files\audio</Filter>
    </ClCompile>
    <ClCompile Include="src\audio\audioutil.cpp">
      <Filter>Source Files\audio</Filter>
    </ClCompile>
    <ClCompile Include="src\coders\commons.cpp">
      <Filter>Source Files\coders</Filter>
    </ClCompile>
    <ClCompile Include="src\coders\json.cpp">
      <Filter>Source Files\coders</Filter>
    </ClCompile>
    <ClCompile Include="src\coders\png.cpp">
      <Filter>Source Files\coders</Filter>
    </ClCompile>
    <ClCompile Include="src\coders\toml.cpp">
      <Filter>Source Files\coders</Filter>
    </ClCompile>
    <ClCompile Include="src\files\files.cpp">
      <Filter>Source Files\files</Filter>
    </ClCompile>
    <ClCompile Include="src\files\rle.cpp">
      <Filter>Source Files\files</Filter>
    </ClCompile>
    <ClCompile Include="src\files\WorldFiles.cpp">
      <Filter>Source Files\files</Filter>
    </ClCompile>
    <ClCompile Include="src\frontend\gui\controls.cpp">
      <Filter>Source Files\frontend\gui</Filter>
    </ClCompile>
    <ClCompile Include="src\frontend\gui\GUI.cpp">
      <Filter>Source Files\frontend\gui</Filter>
    </ClCompile>
    <ClCompile Include="src\frontend\gui\UINode.cpp">
      <Filter>Source Files\frontend\gui</Filter>
    </ClCompile>
    <ClCompile Include="src\frontend\gui\panels.cpp">
      <Filter>Source Files\frontend\gui</Filter>
    </ClCompile>
    <ClCompile Include="src\frontend\hud.cpp">
      <Filter>Source Files\frontend</Filter>
    </ClCompile>
    <ClCompile Include="src\frontend\world_render.cpp">
      <Filter>Source Files\frontend</Filter>
    </ClCompile>
    <ClCompile Include="src\graphics\Batch2D.cpp">
      <Filter>Source Files\graphics</Filter>
    </ClCompile>
    <ClCompile Include="src\graphics\Batch3D.cpp">
      <Filter>Source Files\graphics</Filter>
    </ClCompile>
    <ClCompile Include="src\graphics\ChunksRenderer.cpp">
      <Filter>Source Files\graphics</Filter>
    </ClCompile>
    <ClCompile Include="src\graphics\BlocksRenderer.cpp">
      <Filter>Source Files\graphics</Filter>
    </ClCompile>
    <ClCompile Include="src\graphics\Framebuffer.cpp">
      <Filter>Source Files\graphics</Filter>
    </ClCompile>
    <ClCompile Include="src\graphics\Font.cpp">
      <Filter>Source Files\graphics</Filter>
    </ClCompile>
    <ClCompile Include="src\graphics\ImageData.cpp">
      <Filter>Source Files\graphics</Filter>
    </ClCompile>
    <ClCompile Include="src\graphics\LineBatch.cpp">
      <Filter>Source Files\graphics</Filter>
    </ClCompile>
    <ClCompile Include="src\graphics\Mesh.cpp">
      <Filter>Source Files\graphics</Filter>
    </ClCompile>
    <ClCompile Include="src\graphics\Shader.cpp">
      <Filter>Source Files\graphics</Filter>
    </ClCompile>
    <ClCompile Include="src\graphics\Sprite.cpp">
      <Filter>Source Files\graphics</Filter>
    </ClCompile>
    <ClCompile Include="src\graphics\Texture.cpp">
      <Filter>Source Files\graphics</Filter>
    </ClCompile>
    <ClCompile Include="src\graphics\UVRegion.cpp">
      <Filter>Source Files\graphics</Filter>
    </ClCompile>
    <ClCompile Include="src\lighting\LightSolver.cpp">
      <Filter>Source Files\lighting</Filter>
    </ClCompile>
    <ClCompile Include="src\lighting\Lighting.cpp">
      <Filter>Source Files\lighting</Filter>
    </ClCompile>
    <ClCompile Include="src\lighting\Lightmap.cpp">
      <Filter>Source Files\lighting</Filter>
    </ClCompile>
    <ClCompile Include="src\objects\Player.cpp">
      <Filter>Source Files\objects</Filter>
    </ClCompile>
    <ClCompile Include="src\objects\player_control.cpp">
      <Filter>Source Files\objects</Filter>
    </ClCompile>
    <ClCompile Include="src\physics\PhysicsSolver.cpp">
      <Filter>Source Files\physics</Filter>
    </ClCompile>
    <ClCompile Include="src\physics\Hitbox.cpp">
      <Filter>Source Files\physics</Filter>
    </ClCompile>
    <ClCompile Include="src\util\stringutil.cpp">
      <Filter>Source Files\util</Filter>
    </ClCompile>
    <ClCompile Include="src\util\platform.cpp">
      <Filter>Source Files\util</Filter>
    </ClCompile>
    <ClCompile Include="src\voxels\Block.cpp">
      <Filter>Source Files\voxels</Filter>
    </ClCompile>
    <ClCompile Include="src\voxels\Chunk.cpp">
      <Filter>Source Files\voxels</Filter>
    </ClCompile>
    <ClCompile Include="src\voxels\Chunks.cpp">
      <Filter>Source Files\voxels</Filter>
    </ClCompile>
    <ClCompile Include="src\voxels\ChunksController.cpp">
      <Filter>Source Files\voxels</Filter>
    </ClCompile>
    <ClCompile Include="src\voxels\ChunksStorage.cpp">
      <Filter>Source Files\voxels</Filter>
    </ClCompile>
    <ClCompile Include="src\voxels\voxel.cpp">
      <Filter>Source Files\voxels</Filter>
    </ClCompile>
    <ClCompile Include="src\voxels\VoxelsVolume.cpp">
      <Filter>Source Files\voxels</Filter>
    </ClCompile>
    <ClCompile Include="src\voxels\WorldGenerator.cpp">
      <Filter>Source Files\voxels</Filter>
    </ClCompile>
    <ClCompile Include="src\window\Window.cpp">
      <Filter>Source Files\window</Filter>
    </ClCompile>
    <ClCompile Include="src\window\Camera.cpp">
      <Filter>Source Files\window</Filter>
    </ClCompile>
    <ClCompile Include="src\window\Events.cpp">
      <Filter>Source Files\window</Filter>
    </ClCompile>
    <ClCompile Include="src\window\input.cpp">
      <Filter>Source Files\window</Filter>
    </ClCompile>
    <ClCompile Include="src\world\Level.cpp">
      <Filter>Source Files\world</Filter>
    </ClCompile>
    <ClCompile Include="src\world\LevelEvents.cpp">
      <Filter>Source Files\world</Filter>
    </ClCompile>
    <ClCompile Include="src\world\World.cpp">
      <Filter>Source Files\world</Filter>
    </ClCompile>
    <ClCompile Include="src\frontend\screens.cpp">
      <Filter>Source Files\frontend</Filter>
    </ClCompile>
    <ClCompile Include="src\files\engine_files.cpp">
      <Filter>Source Files\files</Filter>
    </ClCompile>
  </ItemGroup>
  <ItemGroup>
    <ClInclude Include="src\constants.h">
      <Filter>Header Files</Filter>
    </ClInclude>
    <ClInclude Include="src\definitions.h">
      <Filter>Header Files</Filter>
    </ClInclude>
    <ClInclude Include="src\engine.h">
      <Filter>Header Files</Filter>
    </ClInclude>
    <ClInclude Include="src\settings.h">
      <Filter>Header Files</Filter>
    </ClInclude>
    <ClInclude Include="src\typedefs.h">
      <Filter>Header Files</Filter>
    </ClInclude>
    <ClInclude Include="src\assets\Assets.h">
      <Filter>Header Files\assets</Filter>
    </ClInclude>
    <ClInclude Include="src\assets\AssetsLoader.h">
      <Filter>Header Files\assets</Filter>
    </ClInclude>
    <ClInclude Include="src\audio\Audio.h">
      <Filter>Header Files\audio</Filter>
    </ClInclude>
    <ClInclude Include="src\audio\audioutil.h">
      <Filter>Header Files\audio</Filter>
    </ClInclude>
    <ClInclude Include="src\coders\commons.h">
      <Filter>Header Files\coders</Filter>
    </ClInclude>
    <ClInclude Include="src\coders\json.h">
      <Filter>Header Files\coders</Filter>
    </ClInclude>
    <ClInclude Include="src\coders\png.h">
      <Filter>Header Files\coders</Filter>
    </ClInclude>
    <ClInclude Include="src\coders\toml.h">
      <Filter>Header Files\coders</Filter>
    </ClInclude>
    <ClInclude Include="src\files\files.h">
      <Filter>Header Files\files</Filter>
    </ClInclude>
    <ClInclude Include="src\files\rle.h">
      <Filter>Header Files\files</Filter>
    </ClInclude>
    <ClInclude Include="src\files\WorldFiles.h">
      <Filter>Header Files\files</Filter>
    </ClInclude>
    <ClInclude Include="src\frontend\gui\controls.h">
      <Filter>Header Files\frontend\gui</Filter>
    </ClInclude>
    <ClInclude Include="src\frontend\gui\GUI.h">
      <Filter>Header Files\frontend\gui</Filter>
    </ClInclude>
    <ClInclude Include="src\frontend\gui\panels.h">
      <Filter>Header Files\frontend\gui</Filter>
    </ClInclude>
    <ClInclude Include="src\frontend\gui\UINode.h">
      <Filter>Header Files\frontend\gui</Filter>
    </ClInclude>
    <ClInclude Include="src\frontend\world_render.h">
      <Filter>Header Files\frontend</Filter>
    </ClInclude>
    <ClInclude Include="src\frontend\hud.h">
      <Filter>Header Files\frontend</Filter>
    </ClInclude>
    <ClInclude Include="src\graphics\Batch2D.h">
      <Filter>Header Files\graphics</Filter>
    </ClInclude>
    <ClInclude Include="src\graphics\Batch3D.h">
      <Filter>Header Files\graphics</Filter>
    </ClInclude>
    <ClInclude Include="src\graphics\BlocksRenderer.h">
      <Filter>Header Files\graphics</Filter>
    </ClInclude>
    <ClInclude Include="src\graphics\ChunksRenderer.h">
      <Filter>Header Files\graphics</Filter>
    </ClInclude>
    <ClInclude Include="src\graphics\Font.h">
      <Filter>Header Files\graphics</Filter>
    </ClInclude>
    <ClInclude Include="src\graphics\Framebuffer.h">
      <Filter>Header Files\graphics</Filter>
    </ClInclude>
    <ClInclude Include="src\graphics\ImageData.h">
      <Filter>Header Files\graphics</Filter>
    </ClInclude>
    <ClInclude Include="src\graphics\LineBatch.h">
      <Filter>Header Files\graphics</Filter>
    </ClInclude>
    <ClInclude Include="src\graphics\Mesh.h">
      <Filter>Header Files\graphics</Filter>
    </ClInclude>
    <ClInclude Include="src\graphics\Shader.h">
      <Filter>Header Files\graphics</Filter>
    </ClInclude>
    <ClInclude Include="src\graphics\Sprite.h">
      <Filter>Header Files\graphics</Filter>
    </ClInclude>
    <ClInclude Include="src\graphics\Texture.h">
      <Filter>Header Files\graphics</Filter>
    </ClInclude>
    <ClInclude Include="src\graphics\UVRegion.h">
      <Filter>Header Files\graphics</Filter>
    </ClInclude>
    <ClInclude Include="src\lighting\Lighting.h">
      <Filter>Header Files\lighting</Filter>
    </ClInclude>
    <ClInclude Include="src\lighting\Lightmap.h">
      <Filter>Header Files\lighting</Filter>
    </ClInclude>
    <ClInclude Include="src\lighting\LightSolver.h">
      <Filter>Header Files\lighting</Filter>
    </ClInclude>
    <ClInclude Include="src\maths\FastNoiseLite.h">
      <Filter>Header Files\maths</Filter>
    </ClInclude>
    <ClInclude Include="src\maths\voxmaths.h">
      <Filter>Header Files\maths</Filter>
    </ClInclude>
    <ClInclude Include="src\objects\Player.h">
      <Filter>Header Files\objects</Filter>
    </ClInclude>
    <ClInclude Include="src\objects\player_control.h">
      <Filter>Header Files\objects</Filter>
    </ClInclude>
    <ClInclude Include="src\util\platform.h">
      <Filter>Header Files\util</Filter>
    </ClInclude>
    <ClInclude Include="src\util\stringutil.h">
      <Filter>Header Files\util</Filter>
    </ClInclude>
    <ClInclude Include="src\physics\PhysicsSolver.h">
      <Filter>Header Files\physics</Filter>
    </ClInclude>
    <ClInclude Include="src\physics\Hitbox.h">
      <Filter>Header Files\physics</Filter>
    </ClInclude>
    <ClInclude Include="src\voxels\Block.h">
      <Filter>Header Files\voxels</Filter>
    </ClInclude>
    <ClInclude Include="src\voxels\Chunk.h">
      <Filter>Header Files\voxels</Filter>
    </ClInclude>
    <ClInclude Include="src\voxels\Chunks.h">
      <Filter>Header Files\voxels</Filter>
    </ClInclude>
    <ClInclude Include="src\voxels\ChunksController.h">
      <Filter>Header Files\voxels</Filter>
    </ClInclude>
    <ClInclude Include="src\voxels\ChunksStorage.h">
      <Filter>Header Files\voxels</Filter>
    </ClInclude>
    <ClInclude Include="src\voxels\voxel.h">
      <Filter>Header Files\voxels</Filter>
    </ClInclude>
    <ClInclude Include="src\voxels\VoxelsVolume.h">
      <Filter>Header Files\voxels</Filter>
    </ClInclude>
    <ClInclude Include="src\voxels\WorldGenerator.h">
      <Filter>Header Files\voxels</Filter>
    </ClInclude>
    <ClInclude Include="src\window\Events.h">
      <Filter>Header Files\window</Filter>
    </ClInclude>
    <ClInclude Include="src\window\Camera.h">
      <Filter>Header Files\window</Filter>
    </ClInclude>
    <ClInclude Include="src\window\Window.h">
      <Filter>Header Files\window</Filter>
    </ClInclude>
    <ClInclude Include="src\window\input.h">
      <Filter>Header Files\window</Filter>
    </ClInclude>
    <ClInclude Include="src\world\LevelEvents.h">
      <Filter>Header Files\world</Filter>
    </ClInclude>
    <ClInclude Include="src\world\Level.h">
      <Filter>Header Files\world</Filter>
    </ClInclude>
    <ClInclude Include="src\world\World.h">
      <Filter>Header Files\world</Filter>
    </ClInclude>
    <ClInclude Include="src\maths\FrustumCulling.h">
      <Filter>Header Files\maths</Filter>
    </ClInclude>
    <ClInclude Include="src\frontend\screens.h">
      <Filter>Header Files\frontend</Filter>
    </ClInclude>
    <ClInclude Include="src\files\engine_files.h">
      <Filter>Header Files\files</Filter>
    </ClInclude>
  </ItemGroup>
</Project>